github.com/Germatic/dinapay-contracts/go/connectorcontract v0.1.0 h1:QtKW2PtUMXyrOEsw3vWGvoShrFEBflQ3/zwO0dLcIrM=
github.com/Germatic/dinapay-contracts/go/connectorcontract v0.1.0/go.mod h1:YlQsAlZPj3ARTQblscntPbpaZWdFOkoCWQVzn9ukn1c=
github.com/Germatic/dinapay-contracts/go/connectorcontract v0.1.1-0.20260916045737-43fb1386279e h1:eQXvs3F/m6E7LQaR/XJkaoQiMS7qJG9IqA7p808K+PI=
github.com/Germatic/dinapay-contracts/go/connectorcontract v0.1.1-0.20260916045737-43fb1386279e/go.mod h1:YlQsAlZPj3ARTQblscntPbpaZWdFOkoCWQVzn9ukn1c=
